
Microsoft Visual Studio Solution File, Format Version 12.00
# Visual Studio Version 16
VisualStudioVersion = 16.0.30709.132
MinimumVisualStudioVersion = 10.0.40219.1
Project("{FAE04EC0-301F-11D3-BF4B-00C04F79EFBC}") = "DatabaseLib", "DatabaseLib\DatabaseLib.csproj", "{1B9CCD13-A880-46C6-9AE1-FE7963513E59}"
EndProject
Project("{9A19103F-16F7-4668-BE54-9A1E7A4F7556}") = "DatabaseUnitTests", "DatabaseUnitTests\DatabaseUnitTests.csproj", "{080A0BC4-8EEE-49DC-B785-D210492AE99C}"
EndProject
Project("{FAE04EC0-301F-11D3-BF4B-00C04F79EFBC}") = "Gui", "Gui\Gui.csproj", "{291E2719-F96F-4895-8CCF-8E4FEB2037A6}"
EndProject
Project("{FAE04EC0-301F-11D3-BF4B-00C04F79EFBC}") = "LoginLibrary", "LoginLibrary\LoginLibrary.csproj", "{3374AF27-B07C-47F2-B3C1-C0EC5678F712}"
EndProject
Project("{9A19103F-16F7-4668-BE54-9A1E7A4F7556}") = "LoginUnitTest", "LoginUnitTest\LoginUnitTest.csproj", "{E2F48BE1-FC9B-4C9B-9AB7-CFA7E7D11206}"
EndProject
Project("{FAE04EC0-301F-11D3-BF4B-00C04F79EFBC}") = "Scipher", "Scipher\Scipher.csproj", "{C561EF4C-BCDC-4B67-9AE1-F481E001D45B}"
EndProject
Project("{FAE04EC0-301F-11D3-BF4B-00C04F79EFBC}") = "Server", "Server\Server.csproj", "{0AB293B4-96F5-4200-A60A-F0AA68324ED9}"
EndProject
Global
	GlobalSection(SolutionConfigurationPlatforms) = preSolution
		Debug|Any CPU = Debug|Any CPU
		Release|Any CPU = Release|Any CPU
	EndGlobalSection
	GlobalSection(ProjectConfigurationPlatforms) = postSolution
		{1B9CCD13-A880-46C6-9AE1-FE7963513E59}.Debug|Any CPU.ActiveCfg = Debug|Any CPU
		{1B9CCD13-A880-46C6-9AE1-FE7963513E59}.Debug|Any CPU.Build.0 = Debug|Any CPU
		{1B9CCD13-A880-46C6-9AE1-FE7963513E59}.Release|Any CPU.ActiveCfg = Release|Any CPU
		{1B9CCD13-A880-46C6-9AE1-FE7963513E59}.Release|Any CPU.Build.0 = Release|Any CPU
		{080A0BC4-8EEE-49DC-B785-D210492AE99C}.Debug|Any CPU.ActiveCfg = Debug|Any CPU
		{080A0BC4-8EEE-49DC-B785-D210492AE99C}.Debug|Any CPU.Build.0 = Debug|Any CPU
		{080A0BC4-8EEE-49DC-B785-D210492AE99C}.Release|Any CPU.ActiveCfg = Release|Any CPU
		{080A0BC4-8EEE-49DC-B785-D210492AE99C}.Release|Any CPU.Build.0 = Release|Any CPU
		{291E2719-F96F-4895-8CCF-8E4FEB2037A6}.Debug|Any CPU.ActiveCfg = Debug|Any CPU
		{291E2719-F96F-4895-8CCF-8E4FEB2037A6}.Debug|Any CPU.Build.0 = Debug|Any CPU
		{291E2719-F96F-4895-8CCF-8E4FEB2037A6}.Release|Any CPU.ActiveCfg = Release|Any CPU
		{291E2719-F96F-4895-8CCF-8E4FEB2037A6}.Release|Any CPU.Build.0 = Release|Any CPU
		{3374AF27-B07C-47F2-B3C1-C0EC5678F712}.Debug|Any CPU.ActiveCfg = Debug|Any CPU
		{3374AF27-B07C-47F2-B3C1-C0EC5678F712}.Debug|Any CPU.Build.0 = Debug|Any CPU
		{3374AF27-B07C-47F2-B3C1-C0EC5678F712}.Release|Any CPU.ActiveCfg = Release|Any CPU
		{3374AF27-B07C-47F2-B3C1-C0EC5678F712}.Release|Any CPU.Build.0 = Release|Any CPU
		{E2F48BE1-FC9B-4C9B-9AB7-CFA7E7D11206}.Debug|Any CPU.ActiveCfg = Debug|Any CPU
		{E2F48BE1-FC9B-4C9B-9AB7-CFA7E7D11206}.Debug|Any CPU.Build.0 = Debug|Any CPU
		{E2F48BE1-FC9B-4C9B-9AB7-CFA7E7D11206}.Release|Any CPU.ActiveCfg = Release|Any CPU
		{E2F48BE1-FC9B-4C9B-9AB7-CFA7E7D11206}.Release|Any CPU.Build.0 = Release|Any CPU
		{C561EF4C-BCDC-4B67-9AE1-F481E001D45B}.Debug|Any CPU.ActiveCfg = Debug|Any CPU
		{C561EF4C-BCDC-4B67-9AE1-F481E001D45B}.Debug|Any CPU.Build.0 = Debug|Any CPU
		{C561EF4C-BCDC-4B67-9AE1-F481E001D45B}.Release|Any CPU.ActiveCfg = Release|Any CPU
		{C561EF4C-BCDC-4B67-9AE1-F481E001D45B}.Release|Any CPU.Build.0 = Release|Any CPU
		{0AB293B4-96F5-4200-A60A-F0AA68324ED9}.Debug|Any CPU.ActiveCfg = Debug|Any CPU
		{0AB293B4-96F5-4200-A60A-F0AA68324ED9}.Debug|Any CPU.Build.0 = Debug|Any CPU
		{0AB293B4-96F5-4200-A60A-F0AA68324ED9}.Release|Any CPU.ActiveCfg = Release|Any CPU
		{0AB293B4-96F5-4200-A60A-F0AA68324ED9}.Release|Any CPU.Build.0 = Release|Any CPU
	EndGlobalSection
	GlobalSection(SolutionProperties) = preSolution
		HideSolutionNode = FALSE
	EndGlobalSection
	GlobalSection(ExtensibilityGlobals) = postSolution
		SolutionGuid = {22483C1D-85AF-47A6-A7B2-EB6B07782A8E}
	EndGlobalSection
EndGlobal
